{
  "nodes": {
    "flake-utils": {
      "locked": {
        "lastModified": 1659877975,
        "narHash": "sha256-zllb8aq3YO3h8B/U0/J1WBgAL8EX5yWf5pMj3G0NAmc=",
        "owner": "numtide",
        "repo": "flake-utils",
        "rev": "c0e246b9b83f637f4681389ecabcb2681b4f3af0",
        "type": "github"
      },
      "original": {
        "owner": "numtide",
        "repo": "flake-utils",
        "type": "github"
      }
    },
    "mobile-nixos": {
      "flake": false,
      "locked": {
        "lastModified": 1674880620,
        "narHash": "sha256-JMALuC7xcoH/T66sKTVLuItHfOJBCWsNKpE49Qrvs80=",
        "owner": "nixos",
        "repo": "mobile-nixos",
        "rev": "7478a9ffad737486951186b66f6c5535dc5802e2",
        "type": "github"
      },
      "original": {
        "owner": "nixos",
        "repo": "mobile-nixos",
        "type": "github"
      }
    },
    "nixpkgs": {
      "inputs": {
        "nixpkgs": [
          "nixpkgs-unpatched"
        ]
      },
      "locked": {
        "lastModified": 1,
        "narHash": "sha256-FTUAvxSeQToawyfVP9/S2143D5EgCbk88qI2PePLQQ8=",
        "path": "/nix/store/s9v0l913m4drrddglbjqa384nxxwhxca-source/nixpatches",
        "type": "path"
      },
      "original": {
        "path": "/nix/store/s9v0l913m4drrddglbjqa384nxxwhxca-source/nixpatches",
        "type": "path"
      }
    },
    "nixpkgs-stable": {
      "locked": {
        "lastModified": 1675556398,
        "narHash": "sha256-5Gf5KlmFXfIGVQb2hmiiE7FQHoLd4UtEhIolLQvNB/A=",
        "owner": "NixOS",
        "repo": "nixpkgs",
        "rev": "e32c33811815ca4a535a16faf1c83eeb4493145b",
        "type": "github"
      },
      "original": {
        "owner": "NixOS",
        "ref": "release-22.11",
        "repo": "nixpkgs",
        "type": "github"
      }
    },
    "nixpkgs-unpatched": {
      "locked": {
        "lastModified": 1675942811,
        "narHash": "sha256-/v4Z9mJmADTpXrdIlAjFa1e+gkpIIROR670UVDQFwIw=",
        "owner": "nixos",
        "repo": "nixpkgs",
        "rev": "724bfc0892363087709bd3a5a1666296759154b1",
        "type": "github"
      },
      "original": {
        "owner": "nixos",
        "ref": "nixos-unstable",
        "repo": "nixpkgs",
        "type": "github"
      }
    },
    "root": {
      "inputs": {
        "mobile-nixos": "mobile-nixos",
        "nixpkgs": "nixpkgs",
        "nixpkgs-unpatched": "nixpkgs-unpatched",
        "sops-nix": "sops-nix",
        "uninsane-dot-org": "uninsane-dot-org"
      }
    },
    "sops-nix": {
      "inputs": {
        "nixpkgs": [
          "nixpkgs"
        ],
        "nixpkgs-stable": "nixpkgs-stable"
      },
      "locked": {
        "lastModified": 1675872570,
        "narHash": "sha256-RPH3CeTv7ixC2WcYiKyhmIgoH/9tur4Kr+3Vg/pleQk=",
        "owner": "Mic92",
        "repo": "sops-nix",
        "rev": "8fec29b009c19538e68d5d814ec74e04f662fbd1",
        "type": "github"
      },
      "original": {
        "owner": "Mic92",
        "repo": "sops-nix",
        "type": "github"
      }
    },
    "uninsane-dot-org": {
      "inputs": {
        "flake-utils": "flake-utils",
        "nixpkgs": [
          "nixpkgs"
        ]
      },
      "locked": {
        "lastModified": 1675131883,
        "narHash": "sha256-yBgJDG72YqIr1bltasqHD1E/kHc9uRFgDjxDmy6kI8M=",
        "ref": "refs/heads/master",
        "rev": "b099c24091cc192abf3997b94342d4b31cc5757b",
        "revCount": 170,
        "type": "git",
        "url": "https://git.uninsane.org/colin/uninsane"
      },
      "original": {
        "type": "git",
        "url": "https://git.uninsane.org/colin/uninsane"
      }
    }
  },
  "root": "root",
  "version": 7
}
