{
  "nodes": {
    "flake-utils": {
      "locked": {
        "lastModified": 1659877975,
        "narHash": "sha256-zllb8aq3YO3h8B/U0/J1WBgAL8EX5yWf5pMj3G0NAmc=",
        "owner": "numtide",
        "repo": "flake-utils",
        "rev": "c0e246b9b83f637f4681389ecabcb2681b4f3af0",
        "type": "github"
      },
      "original": {
        "owner": "numtide",
        "repo": "flake-utils",
        "type": "github"
      }
    },
    "home-manager": {
      "inputs": {
        "nixpkgs": [
          "nixpkgs"
        ]
      },
      "locked": {
        "lastModified": 1667907331,
        "narHash": "sha256-bHkAwkYlBjkupPUFcQjimNS8gxWSWjOTevEuwdnp5m0=",
        "owner": "nix-community",
        "repo": "home-manager",
        "rev": "6639e3a837fc5deb6f99554072789724997bc8e5",
        "type": "github"
      },
      "original": {
        "owner": "nix-community",
        "ref": "release-22.05",
        "repo": "home-manager",
        "type": "github"
      }
    },
    "mobile-nixos": {
      "flake": false,
      "locked": {
        "lastModified": 1670131242,
        "narHash": "sha256-T/o1/3gffr010fsqgNshs1NJJjsnUYvQnUZgm6hilsY=",
        "owner": "nixos",
        "repo": "mobile-nixos",
        "rev": "5ee45cc1f8e43f4af14ee17ccef9156b0db8cd77",
        "type": "github"
      },
      "original": {
        "owner": "nixos",
        "repo": "mobile-nixos",
        "type": "github"
      }
    },
    "nixpkgs": {
      "inputs": {
        "nixpkgs": [
          "nixpkgs-unpatched"
        ]
      },
      "locked": {
        "lastModified": 1,
        "narHash": "sha256-mfOS6RXOh/m8AWx3bobjo/Gs7cop0hXJgfCotzRUjFk=",
        "path": "nixpatches",
        "type": "path"
      },
      "original": {
        "path": "nixpatches",
        "type": "path"
      }
    },
    "nixpkgs-stable": {
      "locked": {
        "lastModified": 1673527292,
        "narHash": "sha256-903EpRSDCfUvic7Hsiqwy+h7zlMTLAUbCXkEGGriCfM=",
        "owner": "NixOS",
        "repo": "nixpkgs",
        "rev": "6a3f9996408c970b99b8b992b11bb249d1455b62",
        "type": "github"
      },
      "original": {
        "id": "nixpkgs",
        "ref": "nixos-22.11",
        "type": "indirect"
      }
    },
    "nixpkgs-stable_2": {
      "locked": {
        "lastModified": 1673100377,
        "narHash": "sha256-mT76pTd0YFxT6CwtPhDgHJhuIgLY+ZLSMiQpBufwMG4=",
        "owner": "NixOS",
        "repo": "nixpkgs",
        "rev": "9f11a2df77cb945c115ae2a65f53f38121597d73",
        "type": "github"
      },
      "original": {
        "owner": "NixOS",
        "ref": "release-22.11",
        "repo": "nixpkgs",
        "type": "github"
      }
    },
    "nixpkgs-unpatched": {
      "locked": {
        "lastModified": 1673450908,
        "narHash": "sha256-b8em+kwrNtnB7gR8SyVf6WuTyQ+6tHS6dzt9D9wgKF0=",
        "owner": "NixOS",
        "repo": "nixpkgs",
        "rev": "6c8644fc37b6e141cbfa6c7dc8d98846c4ff0c2e",
        "type": "github"
      },
      "original": {
        "id": "nixpkgs",
        "ref": "nixos-unstable",
        "type": "indirect"
      }
    },
    "root": {
      "inputs": {
        "home-manager": "home-manager",
        "mobile-nixos": "mobile-nixos",
        "nixpkgs": "nixpkgs",
        "nixpkgs-stable": "nixpkgs-stable",
        "nixpkgs-unpatched": "nixpkgs-unpatched",
        "sops-nix": "sops-nix",
        "uninsane-dot-org": "uninsane-dot-org"
      }
    },
    "sops-nix": {
      "inputs": {
        "nixpkgs": [
          "nixpkgs"
        ],
        "nixpkgs-stable": "nixpkgs-stable_2"
      },
      "locked": {
        "lastModified": 1673481602,
        "narHash": "sha256-P80X38fOM2MtoYdgkyuksGOQPDhIhNJW2W2jMeMIZzE=",
        "owner": "Mic92",
        "repo": "sops-nix",
        "rev": "32187b33ac6ec9b628dcd08dd941a715e6241dda",
        "type": "github"
      },
      "original": {
        "owner": "Mic92",
        "repo": "sops-nix",
        "type": "github"
      }
    },
    "uninsane-dot-org": {
      "inputs": {
        "flake-utils": "flake-utils",
        "nixpkgs": [
          "nixpkgs"
        ]
      },
      "locked": {
        "lastModified": 1666870107,
        "narHash": "sha256-b9eXZxSwhzdJI5uQgfrMhu4SY2POrPkinUg7F5gQVYo=",
        "ref": "refs/heads/master",
        "rev": "80c6ec95bd430e29d231cf745f19279bb76fb382",
        "revCount": 164,
        "type": "git",
        "url": "https://git.uninsane.org/colin/uninsane"
      },
      "original": {
        "type": "git",
        "url": "https://git.uninsane.org/colin/uninsane"
      }
    }
  },
  "root": "root",
  "version": 7
}
